// !$*UTF8*$!
{
	archiveVersion = 1;
	classes = {
	};
	objectVersion = 46;
	objects = {

/* Begin PBXBuildFile section */
		B2A1FD071AC441020001AFCC /* main.m in Sources */ = {isa = PBXBuildFile; fileRef = B2A1FD061AC441020001AFCC /* main.m */; };
		B2A1FD0A1AC441020001AFCC /* AppDelegate.m in Sources */ = {isa = PBXBuildFile; fileRef = B2A1FD091AC441020001AFCC /* AppDelegate.m */; };
		B2A1FD0D1AC441020001AFCC /* ViewController.m in Sources */ = {isa = PBXBuildFile; fileRef = B2A1FD0C1AC441020001AFCC /* ViewController.m */; };
		B2A1FD101AC441020001AFCC /* Main.storyboard in Resources */ = {isa = PBXBuildFile; fileRef = B2A1FD0E1AC441020001AFCC /* Main.storyboard */; };
		B2A1FD121AC441020001AFCC /* Images.xcassets in Resources */ = {isa = PBXBuildFile; fileRef = B2A1FD111AC441020001AFCC /* Images.xcassets */; };
		B2A1FD151AC441020001AFCC /* LaunchScreen.xib in Resources */ = {isa = PBXBuildFile; fileRef = B2A1FD131AC441020001AFCC /* LaunchScreen.xib */; };
		B2A1FD211AC441030001AFCC /* NetLoginRegisterClientTests.m in Sources */ = {isa = PBXBuildFile; fileRef = B2A1FD201AC441030001AFCC /* NetLoginRegisterClientTests.m */; };
		B2A1FD2E1AC445440001AFCC /* LJDatabaseUtil.m in Sources */ = {isa = PBXBuildFile; fileRef = B2A1FD2B1AC445440001AFCC /* LJDatabaseUtil.m */; };
		B2A1FD2F1AC445440001AFCC /* LJUtil.m in Sources */ = {isa = PBXBuildFile; fileRef = B2A1FD2D1AC445440001AFCC /* LJUtil.m */; };
		B2A1FD311AC445F00001AFCC /* libsqlite3.dylib in Frameworks */ = {isa = PBXBuildFile; fileRef = B2A1FD301AC445F00001AFCC /* libsqlite3.dylib */; };
/* End PBXBuildFile section */

/* Begin PBXContainerItemProxy section */
		B2A1FD1B1AC441030001AFCC /* PBXContainerItemProxy */ = {
			isa = PBXContainerItemProxy;
			containerPortal = B2A1FCF91AC441020001AFCC /* Project object */;
			proxyType = 1;
			remoteGlobalIDString = B2A1FD001AC441020001AFCC;
			remoteInfo = NetLoginRegisterClient;
		};
/* End PBXContainerItemProxy section */

/* Begin PBXFileReference section */
		B2A1FD011AC441020001AFCC /* NetLoginRegisterClient.app */ = {isa = PBXFileReference; explicitFileType = wrapper.application; includeInIndex = 0; path = NetLoginRegisterClient.app; sourceTree = BUILT_PRODUCTS_DIR; };
		B2A1FD051AC441020001AFCC /* Info.plist */ = {isa = PBXFileReference; lastKnownFileType = text.plist.xml; path = Info.plist; sourceTree = "<group>"; };
		B2A1FD061AC441020001AFCC /* main.m */ = {isa = PBXFileReference; lastKnownFileType = sourcecode.c.objc; path = main.m; sourceTree = "<group>"; };
		B2A1FD081AC441020001AFCC /* AppDelegate.h */ = {isa = PBXFileReference; lastKnownFileType = sourcecode.c.h; path = AppDelegate.h; sourceTree = "<group>"; };
		B2A1FD091AC441020001AFCC /* AppDelegate.m */ = {isa = PBXFileReference; lastKnownFileType = sourcecode.c.objc; path = AppDelegate.m; sourceTree = "<group>"; };
		B2A1FD0B1AC441020001AFCC /* ViewController.h */ = {isa = PBXFileReference; lastKnownFileType = sourcecode.c.h; path = ViewController.h; sourceTree = "<group>"; };
		B2A1FD0C1AC441020001AFCC /* ViewController.m */ = {isa = PBXFileReference; lastKnownFileType = sourcecode.c.objc; path = ViewController.m; sourceTree = "<group>"; };
		B2A1FD0F1AC441020001AFCC /* Base */ = {isa = PBXFileReference; lastKnownFileType = file.storyboard; name = Base; path = Base.lproj/Main.storyboard; sourceTree = "<group>"; };
		B2A1FD111AC441020001AFCC /* Images.xcassets */ = {isa = PBXFileReference; lastKnownFileType = folder.assetcatalog; path = Images.xcassets; sourceTree = "<group>"; };
		B2A1FD141AC441020001AFCC /* Base */ = {isa = PBXFileReference; lastKnownFileType = file.xib; name = Base; path = Base.lproj/LaunchScreen.xib; sourceTree = "<group>"; };
		B2A1FD1A1AC441030001AFCC /* NetLoginRegisterClientTests.xctest */ = {isa = PBXFileReference; explicitFileType = wrapper.cfbundle; includeInIndex = 0; path = NetLoginRegisterClientTests.xctest; sourceTree = BUILT_PRODUCTS_DIR; };
		B2A1FD1F1AC441030001AFCC /* Info.plist */ = {isa = PBXFileReference; lastKnownFileType = text.plist.xml; path = Info.plist; sourceTree = "<group>"; };
		B2A1FD201AC441030001AFCC /* NetLoginRegisterClientTests.m */ = {isa = PBXFileReference; lastKnownFileType = sourcecode.c.objc; path = NetLoginRegisterClientTests.m; sourceTree = "<group>"; };
		B2A1FD2A1AC445440001AFCC /* LJDatabaseUtil.h */ = {isa = PBXFileReference; fileEncoding = 4; lastKnownFileType = sourcecode.c.h; name = LJDatabaseUtil.h; path = Util/LJDatabaseUtil.h; sourceTree = SOURCE_ROOT; };
		B2A1FD2B1AC445440001AFCC /* LJDatabaseUtil.m */ = {isa = PBXFileReference; fileEncoding = 4; lastKnownFileType = sourcecode.c.objc; name = LJDatabaseUtil.m; path = Util/LJDatabaseUtil.m; sourceTree = SOURCE_ROOT; };
		B2A1FD2C1AC445440001AFCC /* LJUtil.h */ = {isa = PBXFileReference; fileEncoding = 4; lastKnownFileType = sourcecode.c.h; name = LJUtil.h; path = Util/LJUtil.h; sourceTree = SOURCE_ROOT; };
		B2A1FD2D1AC445440001AFCC /* LJUtil.m */ = {isa = PBXFileReference; fileEncoding = 4; lastKnownFileType = sourcecode.c.objc; name = LJUtil.m; path = Util/LJUtil.m; sourceTree = SOURCE_ROOT; };
		B2A1FD301AC445F00001AFCC /* libsqlite3.dylib */ = {isa = PBXFileReference; lastKnownFileType = "compiled.mach-o.dylib"; name = libsqlite3.dylib; path = usr/lib/libsqlite3.dylib; sourceTree = SDKROOT; };
/* End PBXFileReference section */

/* Begin PBXFrameworksBuildPhase section */
		B2A1FCFE1AC441020001AFCC /* Frameworks */ = {
			isa = PBXFrameworksBuildPhase;
			buildActionMask = 2147483647;
			files = (
				B2A1FD311AC445F00001AFCC /* libsqlite3.dylib in Frameworks */,
			);
			runOnlyForDeploymentPostprocessing = 0;
		};
		B2A1FD171AC441030001AFCC /* Frameworks */ = {
			isa = PBXFrameworksBuildPhase;
			buildActionMask = 2147483647;
			files = (
			);
			runOnlyForDeploymentPostprocessing = 0;
		};
/* End PBXFrameworksBuildPhase section */

/* Begin PBXGroup section */
		B2A1FCF81AC441020001AFCC = {
			isa = PBXGroup;
			children = (
				B2A1FD301AC445F00001AFCC /* libsqlite3.dylib */,
				B2A1FD031AC441020001AFCC /* NetLoginRegisterClient */,
				B2A1FD1D1AC441030001AFCC /* NetLoginRegisterClientTests */,
				B2A1FD021AC441020001AFCC /* Products */,
			);
			sourceTree = "<group>";
		};
		B2A1FD021AC441020001AFCC /* Products */ = {
			isa = PBXGroup;
			children = (
				B2A1FD011AC441020001AFCC /* NetLoginRegisterClient.app */,
				B2A1FD1A1AC441030001AFCC /* NetLoginRegisterClientTests.xctest */,
			);
			name = Products;
			sourceTree = "<group>";
		};
		B2A1FD031AC441020001AFCC /* NetLoginRegisterClient */ = {
			isa = PBXGroup;
			children = (
				B2A1FD2A1AC445440001AFCC /* LJDatabaseUtil.h */,
				B2A1FD2B1AC445440001AFCC /* LJDatabaseUtil.m */,
				B2A1FD2C1AC445440001AFCC /* LJUtil.h */,
				B2A1FD2D1AC445440001AFCC /* LJUtil.m */,
				B2A1FD081AC441020001AFCC /* AppDelegate.h */,
				B2A1FD091AC441020001AFCC /* AppDelegate.m */,
				B2A1FD0B1AC441020001AFCC /* ViewController.h */,
				B2A1FD0C1AC441020001AFCC /* ViewController.m */,
				B2A1FD0E1AC441020001AFCC /* Main.storyboard */,
				B2A1FD111AC441020001AFCC /* Images.xcassets */,
				B2A1FD131AC441020001AFCC /* LaunchScreen.xib */,
				B2A1FD041AC441020001AFCC /* Supporting Files */,
			);
			path = NetLoginRegisterClient;
			sourceTree = "<group>";
		};
		B2A1FD041AC441020001AFCC /* Supporting Files */ = {
			isa = PBXGroup;
			children = (
				B2A1FD051AC441020001AFCC /* Info.plist */,
				B2A1FD061AC441020001AFCC /* main.m */,
			);
			name = "Supporting Files";
			sourceTree = "<group>";
		};
		B2A1FD1D1AC441030001AFCC /* NetLoginRegisterClientTests */ = {
			isa = PBXGroup;
			children = (
				B2A1FD201AC441030001AFCC /* NetLoginRegisterClientTests.m */,
				B2A1FD1E1AC441030001AFCC /* Supporting Files */,
			);
			path = NetLoginRegisterClientTests;
			sourceTree = "<group>";
		};
		B2A1FD1E1AC441030001AFCC /* Supporting Files */ = {
			isa = PBXGroup;
			children = (
				B2A1FD1F1AC441030001AFCC /* Info.plist */,
			);
			name = "Supporting Files";
			sourceTree = "<group>";
		};
/* End PBXGroup section */

/* Begin PBXNativeTarget section */
		B2A1FD001AC441020001AFCC /* NetLoginRegisterClient */ = {
			isa = PBXNativeTarget;
			buildConfigurationList = B2A1FD241AC441030001AFCC /* Build configuration list for PBXNativeTarget "NetLoginRegisterClient" */;
			buildPhases = (
				B2A1FCFD1AC441020001AFCC /* Sources */,
				B2A1FCFE1AC441020001AFCC /* Frameworks */,
				B2A1FCFF1AC441020001AFCC /* Resources */,
			);
			buildRules = (
			);
			dependencies = (
			);
			name = NetLoginRegisterClient;
			productName = NetLoginRegisterClient;
			productReference = B2A1FD011AC441020001AFCC /* NetLoginRegisterClient.app */;
			productType = "com.apple.product-type.application";
		};
		B2A1FD191AC441030001AFCC /* NetLoginRegisterClientTests */ = {
			isa = PBXNativeTarget;
			buildConfigurationList = B2A1FD271AC441030001AFCC /* Build configuration list for PBXNativeTarget "NetLoginRegisterClientTests" */;
			buildPhases = (
				B2A1FD161AC441030001AFCC /* Sources */,
				B2A1FD171AC441030001AFCC /* Frameworks */,
				B2A1FD181AC441030001AFCC /* Resources */,
			);
			buildRules = (
			);
			dependencies = (
				B2A1FD1C1AC441030001AFCC /* PBXTargetDependency */,
			);
			name = NetLoginRegisterClientTests;
			productName = NetLoginRegisterClientTests;
			productReference = B2A1FD1A1AC441030001AFCC /* NetLoginRegisterClientTests.xctest */;
			productType = "com.apple.product-type.bundle.unit-test";
		};
/* End PBXNativeTarget section */

/* Begin PBXProject section */
		B2A1FCF91AC441020001AFCC /* Project object */ = {
			isa = PBXProject;
			attributes = {
				LastUpgradeCheck = 0610;
				ORGANIZATIONNAME = locky1218;
				TargetAttributes = {
					B2A1FD001AC441020001AFCC = {
						CreatedOnToolsVersion = 6.1;
					};
					B2A1FD191AC441030001AFCC = {
						CreatedOnToolsVersion = 6.1;
						TestTargetID = B2A1FD001AC441020001AFCC;
					};
				};
			};
			buildConfigurationList = B2A1FCFC1AC441020001AFCC /* Build configuration list for PBXProject "NetLoginRegisterClient" */;
			compatibilityVersion = "Xcode 3.2";
			developmentRegion = English;
			hasScannedForEncodings = 0;
			knownRegions = (
				en,
				Base,
			);
			mainGroup = B2A1FCF81AC441020001AFCC;
			productRefGroup = B2A1FD021AC441020001AFCC /* Products */;
			projectDirPath = "";
			projectRoot = "";
			targets = (
				B2A1FD001AC441020001AFCC /* NetLoginRegisterClient */,
				B2A1FD191AC441030001AFCC /* NetLoginRegisterClientTests */,
			);
		};
/* End PBXProject section */

/* Begin PBXResourcesBuildPhase section */
		B2A1FCFF1AC441020001AFCC /* Resources */ = {
			isa = PBXResourcesBuildPhase;
			buildActionMask = 2147483647;
			files = (
				B2A1FD101AC441020001AFCC /* Main.storyboard in Resources */,
				B2A1FD151AC441020001AFCC /* LaunchScreen.xib in Resources */,
				B2A1FD121AC441020001AFCC /* Images.xcassets in Resources */,
			);
			runOnlyForDeploymentPostprocessing = 0;
		};
		B2A1FD181AC441030001AFCC /* Resources */ = {
			isa = PBXResourcesBuildPhase;
			buildActionMask = 2147483647;
			files = (
			);
			runOnlyForDeploymentPostprocessing = 0;
		};
/* End PBXResourcesBuildPhase section */

/* Begin PBXSourcesBuildPhase section */
		B2A1FCFD1AC441020001AFCC /* Sources */ = {
			isa = PBXSourcesBuildPhase;
			buildActionMask = 2147483647;
			files = (
				B2A1FD2F1AC445440001AFCC /* LJUtil.m in Sources */,
				B2A1FD2E1AC445440001AFCC /* LJDatabaseUtil.m in Sources */,
				B2A1FD0D1AC441020001AFCC /* ViewController.m in Sources */,
				B2A1FD0A1AC441020001AFCC /* AppDelegate.m in Sources */,
				B2A1FD071AC441020001AFCC /* main.m in Sources */,
			);
			runOnlyForDeploymentPostprocessing = 0;
		};
		B2A1FD161AC441030001AFCC /* Sources */ = {
			isa = PBXSourcesBuildPhase;
			buildActionMask = 2147483647;
			files = (
				B2A1FD211AC441030001AFCC /* NetLoginRegisterClientTests.m in Sources */,
			);
			runOnlyForDeploymentPostprocessing = 0;
		};
/* End PBXSourcesBuildPhase section */

/* Begin PBXTargetDependency section */
		B2A1FD1C1AC441030001AFCC /* PBXTargetDependency */ = {
			isa = PBXTargetDependency;
			target = B2A1FD001AC441020001AFCC /* NetLoginRegisterClient */;
			targetProxy = B2A1FD1B1AC441030001AFCC /* PBXContainerItemProxy */;
		};
/* End PBXTargetDependency section */

/* Begin PBXVariantGroup section */
		B2A1FD0E1AC441020001AFCC /* Main.storyboard */ = {
			isa = PBXVariantGroup;
			children = (
				B2A1FD0F1AC441020001AFCC /* Base */,
			);
			name = Main.storyboard;
			sourceTree = "<group>";
		};
		B2A1FD131AC441020001AFCC /* LaunchScreen.xib */ = {
			isa = PBXVariantGroup;
			children = (
				B2A1FD141AC441020001AFCC /* Base */,
			);
			name = LaunchScreen.xib;
			sourceTree = "<group>";
		};
/* End PBXVariantGroup section */

/* Begin XCBuildConfiguration section */
		B2A1FD221AC441030001AFCC /* Debug */ = {
			isa = XCBuildConfiguration;
			buildSettings = {
				ALWAYS_SEARCH_USER_PATHS = NO;
				CLANG_CXX_LANGUAGE_STANDARD = "gnu++0x";
				CLANG_CXX_LIBRARY = "libc++";
				CLANG_ENABLE_MODULES = YES;
				CLANG_ENABLE_OBJC_ARC = YES;
				CLANG_WARN_BOOL_CONVERSION = YES;
				CLANG_WARN_CONSTANT_CONVERSION = YES;
				CLANG_WARN_DIRECT_OBJC_ISA_USAGE = YES_ERROR;
				CLANG_WARN_EMPTY_BODY = YES;
				CLANG_WARN_ENUM_CONVERSION = YES;
				CLANG_WARN_INT_CONVERSION = YES;
				CLANG_WARN_OBJC_ROOT_CLASS = YES_ERROR;
				CLANG_WARN_UNREACHABLE_CODE = YES;
				CLANG_WARN__DUPLICATE_METHOD_MATCH = YES;
				"CODE_SIGN_IDENTITY[sdk=iphoneos*]" = "iPhone Developer";
				COPY_PHASE_STRIP = NO;
				ENABLE_STRICT_OBJC_MSGSEND = YES;
				GCC_C_LANGUAGE_STANDARD = gnu99;
				GCC_DYNAMIC_NO_PIC = NO;
				GCC_OPTIMIZATION_LEVEL = 0;
				GCC_PREPROCESSOR_DEFINITIONS = (
					"DEBUG=1",
					"$(inherited)",
				);
				GCC_SYMBOLS_PRIVATE_EXTERN = NO;
				GCC_WARN_64_TO_32_BIT_CONVERSION = YES;
				GCC_WARN_ABOUT_RETURN_TYPE = YES_ERROR;
				GCC_WARN_UNDECLARED_SELECTOR = YES;
				GCC_WARN_UNINITIALIZED_AUTOS = YES_AGGRESSIVE;
				GCC_WARN_UNUSED_FUNCTION = YES;
				GCC_WARN_UNUSED_VARIABLE = YES;
				IPHONEOS_DEPLOYMENT_TARGET = 8.1;
				MTL_ENABLE_DEBUG_INFO = YES;
				ONLY_ACTIVE_ARCH = YES;
				SDKROOT = iphoneos;
			};
			name = Debug;
		};
		B2A1FD231AC441030001AFCC /* Release */ = {
			isa = XCBuildConfiguration;
			buildSettings = {
				ALWAYS_SEARCH_USER_PATHS = NO;
				CLANG_CXX_LANGUAGE_STANDARD = "gnu++0x";
				CLANG_CXX_LIBRARY = "libc++";
				CLANG_ENABLE_MODULES = YES;
				CLANG_ENABLE_OBJC_ARC = YES;
				CLANG_WARN_BOOL_CONVERSION = YES;
				CLANG_WARN_CONSTANT_CONVERSION = YES;
				CLANG_WARN_DIRECT_OBJC_ISA_USAGE = YES_ERROR;
				CLANG_WARN_EMPTY_BODY = YES;
				CLANG_WARN_ENUM_CONVERSION = YES;
				CLANG_WARN_INT_CONVERSION = YES;
				CLANG_WARN_OBJC_ROOT_CLASS = YES_ERROR;
				CLANG_WARN_UNREACHABLE_CODE = YES;
				CLANG_WARN__DUPLICATE_METHOD_MATCH = YES;
				"CODE_SIGN_IDENTITY[sdk=iphoneos*]" = "iPhone Developer";
				COPY_PHASE_STRIP = YES;
				ENABLE_NS_ASSERTIONS = NO;
				ENABLE_STRICT_OBJC_MSGSEND = YES;
				GCC_C_LANGUAGE_STANDARD = gnu99;
				GCC_WARN_64_TO_32_BIT_CONVERSION = YES;
				GCC_WARN_ABOUT_RETURN_TYPE = YES_ERROR;
				GCC_WARN_UNDECLARED_SELECTOR = YES;
				GCC_WARN_UNINITIALIZED_AUTOS = YES_AGGRESSIVE;
				GCC_WARN_UNUSED_FUNCTION = YES;
				GCC_WARN_UNUSED_VARIABLE = YES;
				IPHONEOS_DEPLOYMENT_TARGET = 8.1;
				MTL_ENABLE_DEBUG_INFO = NO;
				SDKROOT = iphoneos;
				VALIDATE_PRODUCT = YES;
			};
			name = Release;
		};
		B2A1FD251AC441030001AFCC /* Debug */ = {
			isa = XCBuildConfiguration;
			buildSettings = {
				ASSETCATALOG_COMPILER_APPICON_NAME = AppIcon;
				INFOPLIST_FILE = NetLoginRegisterClient/Info.plist;
				LD_RUNPATH_SEARCH_PATHS = "$(inherited) @executable_path/Frameworks";
				PRODUCT_NAME = "$(TARGET_NAME)";
			};
			name = Debug;
		};
		B2A1FD261AC441030001AFCC /* Release */ = {
			isa = XCBuildConfiguration;
			buildSettings = {
				ASSETCATALOG_COMPILER_APPICON_NAME = AppIcon;
				INFOPLIST_FILE = NetLoginRegisterClient/Info.plist;
				LD_RUNPATH_SEARCH_PATHS = "$(inherited) @executable_path/Frameworks";
				PRODUCT_NAME = "$(TARGET_NAME)";
			};
			name = Release;
		};
		B2A1FD281AC441030001AFCC /* Debug */ = {
			isa = XCBuildConfiguration;
			buildSettings = {
				BUNDLE_LOADER = "$(TEST_HOST)";
				FRAMEWORK_SEARCH_PATHS = (
					"$(SDKROOT)/Developer/Library/Frameworks",
					"$(inherited)",
				);
				GCC_PREPROCESSOR_DEFINITIONS = (
					"DEBUG=1",
					"$(inherited)",
				);
				INFOPLIST_FILE = NetLoginRegisterClientTests/Info.plist;
				LD_RUNPATH_SEARCH_PATHS = "$(inherited) @executable_path/Frameworks @loader_path/Frameworks";
				PRODUCT_NAME = "$(TARGET_NAME)";
				TEST_HOST = "$(BUILT_PRODUCTS_DIR)/NetLoginRegisterClient.app/NetLoginRegisterClient";
			};
			name = Debug;
		};
		B2A1FD291AC441030001AFCC /* Release */ = {
			isa = XCBuildConfiguration;
			buildSettings = {
				BUNDLE_LOADER = "$(TEST_HOST)";
				FRAMEWORK_SEARCH_PATHS = (
					"$(SDKROOT)/Developer/Library/Frameworks",
					"$(inherited)",
				);
				INFOPLIST_FILE = NetLoginRegisterClientTests/Info.plist;
				LD_RUNPATH_SEARCH_PATHS = "$(inherited) @executable_path/Frameworks @loader_path/Frameworks";
				PRODUCT_NAME = "$(TARGET_NAME)";
				TEST_HOST = "$(BUILT_PRODUCTS_DIR)/NetLoginRegisterClient.app/NetLoginRegisterClient";
			};
			name = Release;
		};
/* End XCBuildConfiguration section */

/* Begin XCConfigurationList section */
		B2A1FCFC1AC441020001AFCC /* Build configuration list for PBXProject "NetLoginRegisterClient" */ = {
			isa = XCConfigurationList;
			buildConfigurations = (
				B2A1FD221AC441030001AFCC /* Debug */,
				B2A1FD231AC441030001AFCC /* Release */,
			);
			defaultConfigurationIsVisible = 0;
			defaultConfigurationName = Release;
		};
		B2A1FD241AC441030001AFCC /* Build configuration list for PBXNativeTarget "NetLoginRegisterClient" */ = {
			isa = XCConfigurationList;
			buildConfigurations = (
				B2A1FD251AC441030001AFCC /* Debug */,
				B2A1FD261AC441030001AFCC /* Release */,
			);
			defaultConfigurationIsVisible = 0;
		};
		B2A1FD271AC441030001AFCC /* Build configuration list for PBXNativeTarget "NetLoginRegisterClientTests" */ = {
			isa = XCConfigurationList;
			buildConfigurations = (
				B2A1FD281AC441030001AFCC /* Debug */,
				B2A1FD291AC441030001AFCC /* Release */,
			);
			defaultConfigurationIsVisible = 0;
		};
/* End XCConfigurationList section */
	};
	rootObject = B2A1FCF91AC441020001AFCC /* Project object */;
}
